<?xml version="1.0" encoding="utf-8"?>
<Project ToolsVersion="4.0" xmlns="http://schemas.microsoft.com/developer/msbuild/2003">
  <ItemGroup>
    <Filter Include="Source Files">
      <UniqueIdentifier>{4FC737F1-C7A5-4376-A066-2A32D752A2FF}</UniqueIdentifier>
      <Extensions>cpp;c;cc;cxx;c++;cppm;ixx;def;odl;idl;hpj;bat;asm;asmx</Extensions>
    </Filter>
    <Filter Include="Header Files">
      <UniqueIdentifier>{93995380-89BD-4b04-88EB-625FBE52EBFB}</UniqueIdentifier>
      <Extensions>h;hh;hpp;hxx;h++;hm;inl;inc;ipp;xsd</Extensions>
    </Filter>
    <Filter Include="Resource Files">
      <UniqueIdentifier>{67DA6AB6-F800-4c08-8B7A-83BB121AAD01}</UniqueIdentifier>
      <Extensions>rc;ico;cur;bmp;dlg;rc2;rct;bin;rgs;gif;jpg;jpeg;jpe;resx;tiff;tif;png;wav;mfcribbon-ms</Extensions>
    </Filter>
    <Filter Include="Header Files\Enemy Headers">
      <UniqueIdentifier>{fb924557-96e2-4064-98e2-ad7f405be935}</UniqueIdentifier>
    </Filter>
    <Filter Include="Header Files\Projectile Headers">
      <UniqueIdentifier>{2ae1fdd8-ab08-4012-8ee1-787c7cfba699}</UniqueIdentifier>
    </Filter>
    <Filter Include="Source Files\Projectile Implementations">
      <UniqueIdentifier>{f2748389-08b3-4eba-b8eb-55734b018002}</UniqueIdentifier>
    </Filter>
    <Filter Include="Source Files\Enemy Implementations">
      <UniqueIdentifier>{08c3ccf1-6b27-4d2b-b20f-81fb215b9d83}</UniqueIdentifier>
    </Filter>
    <Filter Include="Source Files\Pickup Implementation">
      <UniqueIdentifier>{1abb87d1-0e90-4a8e-8e3b-1c81de534c11}</UniqueIdentifier>
    </Filter>
    <Filter Include="Header Files\Pickup headers">
      <UniqueIdentifier>{99f8e47c-a829-490a-a09e-fdf8e741f5a3}</UniqueIdentifier>
    </Filter>
    <Filter Include="Header Files\Entity Headers">
      <UniqueIdentifier>{f9eb8a91-1900-448d-9d75-c9fe8d606759}</UniqueIdentifier>
    </Filter>
    <Filter Include="Source Files\Entity Implementation">
      <UniqueIdentifier>{925a5897-0e98-4cc9-81e2-d7c7d0e7457e}</UniqueIdentifier>
    </Filter>
    <Filter Include="Header Files\Interface Headers">
      <UniqueIdentifier>{5bd31008-a4ec-46a7-9fe1-dcc8dca52175}</UniqueIdentifier>
    </Filter>
    <Filter Include="Source Files\Interface Implementations">
      <UniqueIdentifier>{9ff98e3c-2ede-4de5-bd50-7fb66bc1d574}</UniqueIdentifier>
    </Filter>
  </ItemGroup>
  <ItemGroup>
    <ClCompile Include="src\main.cpp">
      <Filter>Source Files</Filter>
    </ClCompile>
    <ClCompile Include="src\Game.cpp">
      <Filter>Source Files</Filter>
    </ClCompile>
    <ClCompile Include="src\World.cpp">
      <Filter>Source Files</Filter>
    </ClCompile>
    <ClCompile Include="src\Player.cpp">
      <Filter>Source Files</Filter>
    </ClCompile>
    <ClCompile Include="src\debug.cpp">
      <Filter>Source Files</Filter>
    </ClCompile>
    <ClCompile Include="src\AssetManager.cpp">
      <Filter>Source Files</Filter>
    </ClCompile>
    <ClCompile Include="src\Animation.cpp">
      <Filter>Source Files</Filter>
    </ClCompile>
    <ClCompile Include="src\CustomMath.cpp">
      <Filter>Source Files</Filter>
    </ClCompile>
    <ClCompile Include="src\Enemy.cpp">
      <Filter>Source Files\Enemy Implementations</Filter>
    </ClCompile>
    <ClCompile Include="src\EnemyGrunt.cpp">
      <Filter>Source Files\Enemy Implementations</Filter>
    </ClCompile>
    <ClCompile Include="src\EnemyManager.cpp">
      <Filter>Source Files\Enemy Implementations</Filter>
    </ClCompile>
    <ClCompile Include="src\EnemyTrooper.cpp">
      <Filter>Source Files\Enemy Implementations</Filter>
    </ClCompile>
    <ClCompile Include="src\Projectile.cpp">
      <Filter>Source Files\Projectile Implementations</Filter>
    </ClCompile>
    <ClCompile Include="src\DirectionalProjectile.cpp">
      <Filter>Source Files\Projectile Implementations</Filter>
    </ClCompile>
    <ClCompile Include="src\HorizontalProjectile.cpp">
      <Filter>Source Files\Projectile Implementations</Filter>
    </ClCompile>
    <ClCompile Include="src\Pickup.cpp">
      <Filter>Source Files\Pickup Implementation</Filter>
    </ClCompile>
    <ClCompile Include="src\PickupManager.cpp">
      <Filter>Source Files\Pickup Implementation</Filter>
    </ClCompile>
    <ClCompile Include="src\HomingProjectile.cpp">
      <Filter>Source Files\Projectile Implementations</Filter>
    </ClCompile>
    <ClCompile Include="src\Entity.cpp">
      <Filter>Source Files\Entity Implementation</Filter>
    </ClCompile>
    <ClCompile Include="src\HitboxEntity.cpp">
      <Filter>Source Files\Entity Implementation</Filter>
    </ClCompile>
    <ClCompile Include="src\ParallaxEntity.cpp">
      <Filter>Source Files\Entity Implementation</Filter>
    </ClCompile>
    <ClCompile Include="src\Squadron.cpp">
      <Filter>Source Files</Filter>
    </ClCompile>
    <ClCompile Include="src\Button.cpp">
      <Filter>Source Files</Filter>
    </ClCompile>
    <ClCompile Include="src\EventManager.cpp">
      <Filter>Source Files</Filter>
    </ClCompile>
    <ClCompile Include="src\HomingPickup.cpp">
      <Filter>Source Files</Filter>
    </ClCompile>
    <ClCompile Include="src\PauseMenu.cpp">
      <Filter>Source Files</Filter>
    </ClCompile>
    <ClCompile Include="src\Despawnable.cpp">
      <Filter>Source Files\Interface Implementations</Filter>
    </ClCompile>
    <ClCompile Include="src\Audible.cpp">
      <Filter>Source Files\Interface Implementations</Filter>
    </ClCompile>
    <ClCompile Include="src\Trackable.cpp">
      <Filter>Source Files\Interface Implementations</Filter>
    </ClCompile>
    <ClCompile Include="src\HomingMissile.cpp">
      <Filter>Source Files\Projectile Implementations</Filter>
    </ClCompile>
  </ItemGroup>
  <ItemGroup>
    <ClInclude Include="src\AssetManager.h">
      <Filter>Header Files</Filter>
    </ClInclude>
    <ClInclude Include="src\Paths.h">
      <Filter>Header Files</Filter>
    </ClInclude>
    <ClInclude Include="src\Game.h">
      <Filter>Header Files</Filter>
    </ClInclude>
    <ClInclude Include="src\World.h">
      <Filter>Header Files</Filter>
    </ClInclude>
    <ClInclude Include="src\debug.h">
      <Filter>Header Files</Filter>
    </ClInclude>
    <ClInclude Include="src\Player.h">
      <Filter>Header Files</Filter>
    </ClInclude>
    <ClInclude Include="src\Animation.h">
      <Filter>Header Files</Filter>
    </ClInclude>
    <ClInclude Include="src\CustomMath.h">
      <Filter>Header Files</Filter>
    </ClInclude>
    <ClInclude Include="src\EnemyGrunt.h">
      <Filter>Header Files\Enemy Headers</Filter>
    </ClInclude>
    <ClInclude Include="src\Enemy.h">
      <Filter>Header Files\Enemy Headers</Filter>
    </ClInclude>
    <ClInclude Include="src\EnemyManager.h">
      <Filter>Header Files\Enemy Headers</Filter>
    </ClInclude>
    <ClInclude Include="src\EnemyTrooper.h">
      <Filter>Header Files\Enemy Headers</Filter>
    </ClInclude>
    <ClInclude Include="src\DirectionalProjectile.h">
      <Filter>Header Files\Projectile Headers</Filter>
    </ClInclude>
    <ClInclude Include="src\Projectile.h">
      <Filter>Header Files\Projectile Headers</Filter>
    </ClInclude>
    <ClInclude Include="src\Squadron.h">
      <Filter>Header Files\Enemy Headers</Filter>
    </ClInclude>
    <ClInclude Include="src\HorizontalProjectile.h">
      <Filter>Header Files\Projectile Headers</Filter>
    </ClInclude>
    <ClInclude Include="src\Pickup.h">
      <Filter>Header Files\Pickup headers</Filter>
    </ClInclude>
    <ClInclude Include="src\PickupManager.h">
      <Filter>Header Files\Pickup headers</Filter>
    </ClInclude>
    <ClInclude Include="src\HomingProjectile.h">
      <Filter>Header Files\Projectile Headers</Filter>
    </ClInclude>
    <ClInclude Include="src\Entity.h">
      <Filter>Header Files\Entity Headers</Filter>
    </ClInclude>
    <ClInclude Include="src\HitboxEntity.h">
      <Filter>Header Files\Entity Headers</Filter>
    </ClInclude>
    <ClInclude Include="src\ParallaxEntity.h">
      <Filter>Header Files\Entity Headers</Filter>
    </ClInclude>
    <ClInclude Include="src\Button.h">
      <Filter>Header Files</Filter>
    </ClInclude>
    <ClInclude Include="src\EventManager.h">
      <Filter>Header Files</Filter>
    </ClInclude>
    <ClInclude Include="src\HomingPickup.h">
      <Filter>Header Files</Filter>
    </ClInclude>
    <ClInclude Include="src\PauseMenu.h">
      <Filter>Header Files</Filter>
    </ClInclude>
    <ClInclude Include="src\Despawnable.h">
      <Filter>Header Files\Interface Headers</Filter>
    </ClInclude>
    <ClInclude Include="src\Audible.h">
      <Filter>Header Files\Interface Headers</Filter>
    </ClInclude>
    <ClInclude Include="src\HomingMissile.h">
      <Filter>Header Files\Projectile Headers</Filter>
    </ClInclude>
    <ClInclude Include="src\Trackable.h">
      <Filter>Header Files\Interface Headers</Filter>
    </ClInclude>
  </ItemGroup>
</Project>